# THIS IS AN AUTOGENERATED FILE. DO NOT EDIT THIS FILE DIRECTLY.
# yarn lockfile v1


mobx@^3.0.0:
  version "3.1.9"
  resolved "https://registry.yarnpkg.com/mobx/-/mobx-3.1.9.tgz#ed4af9d874ff6032c7af91fc1b87d9d33122a557"

preact@^8.0.0:
  version "8.1.0"
  resolved "https://registry.yarnpkg.com/preact/-/preact-8.1.0.tgz#f035b808eebb74e46d56246b02ca0f190b6d6574"
